
Microsoft Visual Studio Solution File, Format Version 12.00
Project("{FAE04EC0-301F-11D3-BF4B-00C04F79EFBC}") = "BudgetCalculatorAdv.Tests", "BudgetCalculatorAdv.Tests\BudgetCalculatorAdv.Tests.csproj", "{534A3451-44B2-413B-AA29-53F2CFB8E234}"
EndProject
Global
	GlobalSection(SolutionConfigurationPlatforms) = preSolution
		Debug|Any CPU = Debug|Any CPU
		Release|Any CPU = Release|Any CPU
	EndGlobalSection
	GlobalSection(ProjectConfigurationPlatforms) = postSolution
		{534A3451-44B2-413B-AA29-53F2CFB8E234}.Debug|Any CPU.ActiveCfg = Debug|Any CPU
		{534A3451-44B2-413B-AA29-53F2CFB8E234}.Debug|Any CPU.Build.0 = Debug|Any CPU
		{534A3451-44B2-413B-AA29-53F2CFB8E234}.Release|Any CPU.ActiveCfg = Release|Any CPU
		{534A3451-44B2-413B-AA29-53F2CFB8E234}.Release|Any CPU.Build.0 = Release|Any CPU
	EndGlobalSection
EndGlobal
